github.com/google/go-cmp v0.5.7 h1:81/ik6ipDQS2aGcBfIN5dHDB36BwrStyeAQquSYCV4o=
github.com/mattn/go-isatty v0.0.14 h1:yVuAays6BHfxijgZPzw+3Zlu5yQgKGP2/hcQbHb7S9Y=
github.com/mattn/go-isatty v0.0.14/go.mod h1:7GGIvUiUoEMVVmxf/4nioHXj79iQHKdU27kJ6hsGG94=
github.com/rohanthewiz/rerr v0.1.0 h1:YEK/Fls4MFq36VveTuaxOWRiJL0OZwyKiIJBzMUtBsM=
github.com/rohanthewiz/rerr v0.1.0/go.mod h1:oxl1qq5YCma7A+KsBj+bhvkWW1jHs4tQ9hsDZOeEVXo=
golang.org/x/sys v0.0.0-20210630005230-0f9fa26af87c/go.mod h1:oPkhp1MJrh7nUepCBck5+mAzfO9JrbApNNgaTdGDITg=
golang.org/x/sys v0.0.0-20220227234510-4e6760a101f9 h1:nhht2DYV/Sn3qOayu8lM+cU1ii9sTLUeBQwQQfUHtrs=
golang.org/x/sys v0.0.0-20220227234510-4e6760a101f9/go.mod h1:oPkhp1MJrh7nUepCBck5+mAzfO9JrbApNNgaTdGDITg=
golang.org/x/xerrors v0.0.0-20191204190536-9bdfabe68543 h1:E7g+9GITq07hpfrRu66IVDexMakfv52eLZ2CXBWiKr4=
src.elv.sh v0.19.0-dev.0.20220829113039-2986d29f3411 h1:PcxISdoLJmR1IWirk46IfVldcYZveKmH+Urp3u1I1ro=
src.elv.sh v0.19.0-dev.0.20220829113039-2986d29f3411/go.mod h1:9LNelqH+SWiTbj09+WIzGFc4RGZv8AxQRj8a1rdbqow=
